
Microsoft Visual Studio Solution File, Format Version 12.00
# Visual Studio 15
VisualStudioVersion = 15.0.28010.0
MinimumVisualStudioVersion = 10.0.40219.1
Project("{FAE04EC0-301F-11D3-BF4B-00C04F79EFBC}") = "Text Editor", "Text Editor\Text Editor.csproj", "{ABAA7B8B-D767-4B18-BCC9-B9EECCB8C360}"
EndProject
Global
	GlobalSection(SolutionConfigurationPlatforms) = preSolution
		Debug|Any CPU = Debug|Any CPU
		Release|Any CPU = Release|Any CPU
	EndGlobalSection
	GlobalSection(ProjectConfigurationPlatforms) = postSolution
		{ABAA7B8B-D767-4B18-BCC9-B9EECCB8C360}.Debug|Any CPU.ActiveCfg = Debug|Any CPU
		{ABAA7B8B-D767-4B18-BCC9-B9EECCB8C360}.Debug|Any CPU.Build.0 = Debug|Any CPU
		{ABAA7B8B-D767-4B18-BCC9-B9EECCB8C360}.Release|Any CPU.ActiveCfg = Release|Any CPU
		{ABAA7B8B-D767-4B18-BCC9-B9EECCB8C360}.Release|Any CPU.Build.0 = Release|Any CPU
	EndGlobalSection
	GlobalSection(SolutionProperties) = preSolution
		HideSolutionNode = FALSE
	EndGlobalSection
	GlobalSection(ExtensibilityGlobals) = postSolution
		SolutionGuid = {29B8B86A-E332-4F85-9F4A-3AF845E29213}
	EndGlobalSection
EndGlobal
